
Microsoft Visual Studio Solution File, Format Version 12.00
# Visual Studio 15
VisualStudioVersion = 15.0.27004.2005
MinimumVisualStudioVersion = 10.0.40219.1
Project("{9A19103F-16F7-4668-BE54-9A1E7A4F7556}") = "VPV", "VPV.csproj", "{83E4A195-4596-45A2-BEF1-9E56C9EDC6E3}"
EndProject
Project("{FAE04EC0-301F-11D3-BF4B-00C04F79EFBC}") = "VPVUnitTests", "..\VPVUnitTests\VPVUnitTests.csproj", "{0BD62212-B39A-4CE7-B5FB-5D7076513169}"
EndProject
Global
	GlobalSection(SolutionConfigurationPlatforms) = preSolution
		Debug|Any CPU = Debug|Any CPU
		Release|Any CPU = Release|Any CPU
	EndGlobalSection
	GlobalSection(ProjectConfigurationPlatforms) = postSolution
		{83E4A195-4596-45A2-BEF1-9E56C9EDC6E3}.Debug|Any CPU.ActiveCfg = Debug|Any CPU
		{83E4A195-4596-45A2-BEF1-9E56C9EDC6E3}.Debug|Any CPU.Build.0 = Debug|Any CPU
		{83E4A195-4596-45A2-BEF1-9E56C9EDC6E3}.Release|Any CPU.ActiveCfg = Release|Any CPU
		{83E4A195-4596-45A2-BEF1-9E56C9EDC6E3}.Release|Any CPU.Build.0 = Release|Any CPU
		{0BD62212-B39A-4CE7-B5FB-5D7076513169}.Debug|Any CPU.ActiveCfg = Debug|Any CPU
		{0BD62212-B39A-4CE7-B5FB-5D7076513169}.Debug|Any CPU.Build.0 = Debug|Any CPU
		{0BD62212-B39A-4CE7-B5FB-5D7076513169}.Release|Any CPU.ActiveCfg = Release|Any CPU
		{0BD62212-B39A-4CE7-B5FB-5D7076513169}.Release|Any CPU.Build.0 = Release|Any CPU
	EndGlobalSection
	GlobalSection(SolutionProperties) = preSolution
		HideSolutionNode = FALSE
	EndGlobalSection
	GlobalSection(ExtensibilityGlobals) = postSolution
		SolutionGuid = {6434CFF1-DBA5-4844-8B63-C652A1D02ECE}
	EndGlobalSection
EndGlobal
